
Microsoft Visual Studio Solution File, Format Version 12.00
# Visual Studio Version 16
VisualStudioVersion = 16.0.808.0
MinimumVisualStudioVersion = 10.0.40219.1
Project("{FAE04EC0-301F-11D3-BF4B-00C04F79EFBC}") = "AdventOfCode", "AdventOfCode\AdventOfCode.csproj", "{8485A6B7-8B3C-4B4E-8B5D-815E86624D6E}"
EndProject
Global
	GlobalSection(SolutionConfigurationPlatforms) = preSolution
		Debug|Any CPU = Debug|Any CPU
		Release|Any CPU = Release|Any CPU
	EndGlobalSection
	GlobalSection(ProjectConfigurationPlatforms) = postSolution
		{8485A6B7-8B3C-4B4E-8B5D-815E86624D6E}.Debug|Any CPU.ActiveCfg = Debug|Any CPU
		{8485A6B7-8B3C-4B4E-8B5D-815E86624D6E}.Debug|Any CPU.Build.0 = Debug|Any CPU
		{8485A6B7-8B3C-4B4E-8B5D-815E86624D6E}.Release|Any CPU.ActiveCfg = Release|Any CPU
		{8485A6B7-8B3C-4B4E-8B5D-815E86624D6E}.Release|Any CPU.Build.0 = Release|Any CPU
	EndGlobalSection
	GlobalSection(SolutionProperties) = preSolution
		HideSolutionNode = FALSE
	EndGlobalSection
	GlobalSection(ExtensibilityGlobals) = postSolution
		SolutionGuid = {373005E8-A3AD-4319-85AD-DD19DD78AC31}
	EndGlobalSection
EndGlobal
